
Microsoft Visual Studio Solution File, Format Version 12.00
# Visual Studio Version 17
VisualStudioVersion = 17.4.33213.308
MinimumVisualStudioVersion = 10.0.40219.1
Project("{FAE04EC0-301F-11D3-BF4B-00C04F79EFBC}") = "WCF18000", "WCF18000\WCF18000.csproj", "{81648A48-223C-426F-9167-8B369124D069}"
EndProject
Project("{FAE04EC0-301F-11D3-BF4B-00C04F79EFBC}") = "WindowsFormsApp1", "WindowsFormsApp1\WindowsFormsApp1.csproj", "{ED6790C4-0518-496A-B0F9-665D18DC1AE0}"
	ProjectSection(ProjectDependencies) = postProject
		{81648A48-223C-426F-9167-8B369124D069} = {81648A48-223C-426F-9167-8B369124D069}
	EndProjectSection
EndProject
Global
	GlobalSection(SolutionConfigurationPlatforms) = preSolution
		Debug|Any CPU = Debug|Any CPU
		Release|Any CPU = Release|Any CPU
	EndGlobalSection
	GlobalSection(ProjectConfigurationPlatforms) = postSolution
		{81648A48-223C-426F-9167-8B369124D069}.Debug|Any CPU.ActiveCfg = Debug|Any CPU
		{81648A48-223C-426F-9167-8B369124D069}.Debug|Any CPU.Build.0 = Debug|Any CPU
		{81648A48-223C-426F-9167-8B369124D069}.Release|Any CPU.ActiveCfg = Release|Any CPU
		{81648A48-223C-426F-9167-8B369124D069}.Release|Any CPU.Build.0 = Release|Any CPU
		{ED6790C4-0518-496A-B0F9-665D18DC1AE0}.Debug|Any CPU.ActiveCfg = Debug|Any CPU
		{ED6790C4-0518-496A-B0F9-665D18DC1AE0}.Debug|Any CPU.Build.0 = Debug|Any CPU
		{ED6790C4-0518-496A-B0F9-665D18DC1AE0}.Release|Any CPU.ActiveCfg = Release|Any CPU
		{ED6790C4-0518-496A-B0F9-665D18DC1AE0}.Release|Any CPU.Build.0 = Release|Any CPU
	EndGlobalSection
	GlobalSection(SolutionProperties) = preSolution
		HideSolutionNode = FALSE
	EndGlobalSection
	GlobalSection(ExtensibilityGlobals) = postSolution
		SolutionGuid = {1CA8A611-01A4-465F-8CE1-5592EC89B748}
	EndGlobalSection
EndGlobal
